// !$*UTF8*$!
{
	archiveVersion = 1;
	classes = {
	};
	objectVersion = 77;
	objects = {

/* Begin PBXBuildFile section */
		87B591EB2CF4FFEC008D345C /* FirebaseAnalytics in Frameworks */ = {isa = PBXBuildFile; productRef = 87B591EA2CF4FFEC008D345C /* FirebaseAnalytics */; };
		87B591ED2CF4FFEC008D345C /* FirebaseAppCheck in Frameworks */ = {isa = PBXBuildFile; productRef = 87B591EC2CF4FFEC008D345C /* FirebaseAppCheck */; };
		87B591EF2CF4FFEC008D345C /* FirebaseAuth in Frameworks */ = {isa = PBXBuildFile; productRef = 87B591EE2CF4FFEC008D345C /* FirebaseAuth */; };
		87B591F12CF4FFEC008D345C /* FirebaseCore in Frameworks */ = {isa = PBXBuildFile; productRef = 87B591F02CF4FFEC008D345C /* FirebaseCore */; };
		87B591F32CF4FFEC008D345C /* FirebaseFirestore in Frameworks */ = {isa = PBXBuildFile; productRef = 87B591F22CF4FFEC008D345C /* FirebaseFirestore */; };
/* End PBXBuildFile section */

/* Begin PBXContainerItemProxy section */
		7A68B5AD2CDE902F008DB83B /* PBXContainerItemProxy */ = {
			isa = PBXContainerItemProxy;
			containerPortal = 7A68B5932CDE902D008DB83B /* Project object */;
			proxyType = 1;
			remoteGlobalIDString = 7A68B59A2CDE902D008DB83B;
			remoteInfo = Freakopoly;
		};
		7A68B5B72CDE902F008DB83B /* PBXContainerItemProxy */ = {
			isa = PBXContainerItemProxy;
			containerPortal = 7A68B5932CDE902D008DB83B /* Project object */;
			proxyType = 1;
			remoteGlobalIDString = 7A68B59A2CDE902D008DB83B;
			remoteInfo = Freakopoly;
		};
/* End PBXContainerItemProxy section */

/* Begin PBXFileReference section */
		7A68B59B2CDE902D008DB83B /* Freakopoly.app */ = {isa = PBXFileReference; explicitFileType = wrapper.application; includeInIndex = 0; path = Freakopoly.app; sourceTree = BUILT_PRODUCTS_DIR; };
		7A68B5AC2CDE902F008DB83B /* FreakopolyTests.xctest */ = {isa = PBXFileReference; explicitFileType = wrapper.cfbundle; includeInIndex = 0; path = FreakopolyTests.xctest; sourceTree = BUILT_PRODUCTS_DIR; };
		7A68B5B62CDE902F008DB83B /* FreakopolyUITests.xctest */ = {isa = PBXFileReference; explicitFileType = wrapper.cfbundle; includeInIndex = 0; path = FreakopolyUITests.xctest; sourceTree = BUILT_PRODUCTS_DIR; };
/* End PBXFileReference section */

/* Begin PBXFileSystemSynchronizedRootGroup section */
		7A68B59D2CDE902D008DB83B /* Freakopoly */ = {
			isa = PBXFileSystemSynchronizedRootGroup;
			path = Freakopoly;
			sourceTree = "<group>";
		};
		7A68B5AF2CDE902F008DB83B /* FreakopolyTests */ = {
			isa = PBXFileSystemSynchronizedRootGroup;
			path = FreakopolyTests;
			sourceTree = "<group>";
		};
		7A68B5B92CDE902F008DB83B /* FreakopolyUITests */ = {
			isa = PBXFileSystemSynchronizedRootGroup;
			path = FreakopolyUITests;
			sourceTree = "<group>";
		};
/* End PBXFileSystemSynchronizedRootGroup section */

/* Begin PBXFrameworksBuildPhase section */
		7A68B5982CDE902D008DB83B /* Frameworks */ = {
			isa = PBXFrameworksBuildPhase;
			buildActionMask = 2147483647;
			files = (
				87B591ED2CF4FFEC008D345C /* FirebaseAppCheck in Frameworks */,
				87B591EF2CF4FFEC008D345C /* FirebaseAuth in Frameworks */,
				87B591F12CF4FFEC008D345C /* FirebaseCore in Frameworks */,
				87B591F32CF4FFEC008D345C /* FirebaseFirestore in Frameworks */,
				87B591EB2CF4FFEC008D345C /* FirebaseAnalytics in Frameworks */,
			);
			runOnlyForDeploymentPostprocessing = 0;
		};
		7A68B5A92CDE902F008DB83B /* Frameworks */ = {
			isa = PBXFrameworksBuildPhase;
			buildActionMask = 2147483647;
			files = (
			);
			runOnlyForDeploymentPostprocessing = 0;
		};
		7A68B5B32CDE902F008DB83B /* Frameworks */ = {
			isa = PBXFrameworksBuildPhase;
			buildActionMask = 2147483647;
			files = (
			);
			runOnlyForDeploymentPostprocessing = 0;
		};
/* End PBXFrameworksBuildPhase section */

/* Begin PBXGroup section */
		7A68B5922CDE902D008DB83B = {
			isa = PBXGroup;
			children = (
				7A68B59D2CDE902D008DB83B /* Freakopoly */,
				7A68B5AF2CDE902F008DB83B /* FreakopolyTests */,
				7A68B5B92CDE902F008DB83B /* FreakopolyUITests */,
				7A68B59C2CDE902D008DB83B /* Products */,
			);
			sourceTree = "<group>";
		};
		7A68B59C2CDE902D008DB83B /* Products */ = {
			isa = PBXGroup;
			children = (
				7A68B59B2CDE902D008DB83B /* Freakopoly.app */,
				7A68B5AC2CDE902F008DB83B /* FreakopolyTests.xctest */,
				7A68B5B62CDE902F008DB83B /* FreakopolyUITests.xctest */,
			);
			name = Products;
			sourceTree = "<group>";
		};
/* End PBXGroup section */

/* Begin PBXNativeTarget section */
		7A68B59A2CDE902D008DB83B /* Freakopoly */ = {
			isa = PBXNativeTarget;
			buildConfigurationList = 7A68B5C02CDE902F008DB83B /* Build configuration list for PBXNativeTarget "Freakopoly" */;
			buildPhases = (
				7A68B5972CDE902D008DB83B /* Sources */,
				7A68B5982CDE902D008DB83B /* Frameworks */,
				7A68B5992CDE902D008DB83B /* Resources */,
			);
			buildRules = (
			);
			dependencies = (
			);
			fileSystemSynchronizedGroups = (
				7A68B59D2CDE902D008DB83B /* Freakopoly */,
			);
			name = Freakopoly;
			packageProductDependencies = (
				87B591EA2CF4FFEC008D345C /* FirebaseAnalytics */,
				87B591EC2CF4FFEC008D345C /* FirebaseAppCheck */,
				87B591EE2CF4FFEC008D345C /* FirebaseAuth */,
				87B591F02CF4FFEC008D345C /* FirebaseCore */,
				87B591F22CF4FFEC008D345C /* FirebaseFirestore */,
			);
			productName = Freakopoly;
			productReference = 7A68B59B2CDE902D008DB83B /* Freakopoly.app */;
			productType = "com.apple.product-type.application";
		};
		7A68B5AB2CDE902F008DB83B /* FreakopolyTests */ = {
			isa = PBXNativeTarget;
			buildConfigurationList = 7A68B5C32CDE902F008DB83B /* Build configuration list for PBXNativeTarget "FreakopolyTests" */;
			buildPhases = (
				7A68B5A82CDE902F008DB83B /* Sources */,
				7A68B5A92CDE902F008DB83B /* Frameworks */,
				7A68B5AA2CDE902F008DB83B /* Resources */,
			);
			buildRules = (
			);
			dependencies = (
				7A68B5AE2CDE902F008DB83B /* PBXTargetDependency */,
			);
			fileSystemSynchronizedGroups = (
				7A68B5AF2CDE902F008DB83B /* FreakopolyTests */,
			);
			name = FreakopolyTests;
			packageProductDependencies = (
			);
			productName = FreakopolyTests;
			productReference = 7A68B5AC2CDE902F008DB83B /* FreakopolyTests.xctest */;
			productType = "com.apple.product-type.bundle.unit-test";
		};
		7A68B5B52CDE902F008DB83B /* FreakopolyUITests */ = {
			isa = PBXNativeTarget;
			buildConfigurationList = 7A68B5C62CDE902F008DB83B /* Build configuration list for PBXNativeTarget "FreakopolyUITests" */;
			buildPhases = (
				7A68B5B22CDE902F008DB83B /* Sources */,
				7A68B5B32CDE902F008DB83B /* Frameworks */,
				7A68B5B42CDE902F008DB83B /* Resources */,
			);
			buildRules = (
			);
			dependencies = (
				7A68B5B82CDE902F008DB83B /* PBXTargetDependency */,
			);
			fileSystemSynchronizedGroups = (
				7A68B5B92CDE902F008DB83B /* FreakopolyUITests */,
			);
			name = FreakopolyUITests;
			packageProductDependencies = (
			);
			productName = FreakopolyUITests;
			productReference = 7A68B5B62CDE902F008DB83B /* FreakopolyUITests.xctest */;
			productType = "com.apple.product-type.bundle.ui-testing";
		};
/* End PBXNativeTarget section */

/* Begin PBXProject section */
		7A68B5932CDE902D008DB83B /* Project object */ = {
			isa = PBXProject;
			attributes = {
				BuildIndependentTargetsInParallel = 1;
				LastSwiftUpdateCheck = 1610;
				LastUpgradeCheck = 1610;
				TargetAttributes = {
					7A68B59A2CDE902D008DB83B = {
						CreatedOnToolsVersion = 16.1;
					};
					7A68B5AB2CDE902F008DB83B = {
						CreatedOnToolsVersion = 16.1;
						TestTargetID = 7A68B59A2CDE902D008DB83B;
					};
					7A68B5B52CDE902F008DB83B = {
						CreatedOnToolsVersion = 16.1;
						TestTargetID = 7A68B59A2CDE902D008DB83B;
					};
				};
			};
			buildConfigurationList = 7A68B5962CDE902D008DB83B /* Build configuration list for PBXProject "Freakopoly" */;
			developmentRegion = en;
			hasScannedForEncodings = 0;
			knownRegions = (
				en,
				Base,
			);
			mainGroup = 7A68B5922CDE902D008DB83B;
			minimizedProjectReferenceProxies = 1;
			packageReferences = (
				87B591E92CF4FFEC008D345C /* XCRemoteSwiftPackageReference "firebase-ios-sdk" */,
			);
			preferredProjectObjectVersion = 77;
			productRefGroup = 7A68B59C2CDE902D008DB83B /* Products */;
			projectDirPath = "";
			projectRoot = "";
			targets = (
				7A68B59A2CDE902D008DB83B /* Freakopoly */,
				7A68B5AB2CDE902F008DB83B /* FreakopolyTests */,
				7A68B5B52CDE902F008DB83B /* FreakopolyUITests */,
			);
		};
/* End PBXProject section */

/* Begin PBXResourcesBuildPhase section */
		7A68B5992CDE902D008DB83B /* Resources */ = {
			isa = PBXResourcesBuildPhase;
			buildActionMask = 2147483647;
			files = (
			);
			runOnlyForDeploymentPostprocessing = 0;
		};
		7A68B5AA2CDE902F008DB83B /* Resources */ = {
			isa = PBXResourcesBuildPhase;
			buildActionMask = 2147483647;
			files = (
			);
			runOnlyForDeploymentPostprocessing = 0;
		};
		7A68B5B42CDE902F008DB83B /* Resources */ = {
			isa = PBXResourcesBuildPhase;
			buildActionMask = 2147483647;
			files = (
			);
			runOnlyForDeploymentPostprocessing = 0;
		};
/* End PBXResourcesBuildPhase section */

/* Begin PBXSourcesBuildPhase section */
		7A68B5972CDE902D008DB83B /* Sources */ = {
			isa = PBXSourcesBuildPhase;
			buildActionMask = 2147483647;
			files = (
			);
			runOnlyForDeploymentPostprocessing = 0;
		};
		7A68B5A82CDE902F008DB83B /* Sources */ = {
			isa = PBXSourcesBuildPhase;
			buildActionMask = 2147483647;
			files = (
			);
			runOnlyForDeploymentPostprocessing = 0;
		};
		7A68B5B22CDE902F008DB83B /* Sources */ = {
			isa = PBXSourcesBuildPhase;
			buildActionMask = 2147483647;
			files = (
			);
			runOnlyForDeploymentPostprocessing = 0;
		};
/* End PBXSourcesBuildPhase section */

/* Begin PBXTargetDependency section */
		7A68B5AE2CDE902F008DB83B /* PBXTargetDependency */ = {
			isa = PBXTargetDependency;
			target = 7A68B59A2CDE902D008DB83B /* Freakopoly */;
			targetProxy = 7A68B5AD2CDE902F008DB83B /* PBXContainerItemProxy */;
		};
		7A68B5B82CDE902F008DB83B /* PBXTargetDependency */ = {
			isa = PBXTargetDependency;
			target = 7A68B59A2CDE902D008DB83B /* Freakopoly */;
			targetProxy = 7A68B5B72CDE902F008DB83B /* PBXContainerItemProxy */;
		};
/* End PBXTargetDependency section */

/* Begin XCBuildConfiguration section */
		7A68B5BE2CDE902F008DB83B /* Debug */ = {
			isa = XCBuildConfiguration;
			buildSettings = {
				ALWAYS_SEARCH_USER_PATHS = NO;
				ASSETCATALOG_COMPILER_GENERATE_SWIFT_ASSET_SYMBOL_EXTENSIONS = YES;
				CLANG_ANALYZER_NONNULL = YES;
				CLANG_ANALYZER_NUMBER_OBJECT_CONVERSION = YES_AGGRESSIVE;
				CLANG_CXX_LANGUAGE_STANDARD = "gnu++20";
				CLANG_ENABLE_MODULES = YES;
				CLANG_ENABLE_OBJC_ARC = YES;
				CLANG_ENABLE_OBJC_WEAK = YES;
				CLANG_WARN_BLOCK_CAPTURE_AUTORELEASING = YES;
				CLANG_WARN_BOOL_CONVERSION = YES;
				CLANG_WARN_COMMA = YES;
				CLANG_WARN_CONSTANT_CONVERSION = YES;
				CLANG_WARN_DEPRECATED_OBJC_IMPLEMENTATIONS = YES;
				CLANG_WARN_DIRECT_OBJC_ISA_USAGE = YES_ERROR;
				CLANG_WARN_DOCUMENTATION_COMMENTS = YES;
				CLANG_WARN_EMPTY_BODY = YES;
				CLANG_WARN_ENUM_CONVERSION = YES;
				CLANG_WARN_INFINITE_RECURSION = YES;
				CLANG_WARN_INT_CONVERSION = YES;
				CLANG_WARN_NON_LITERAL_NULL_CONVERSION = YES;
				CLANG_WARN_OBJC_IMPLICIT_RETAIN_SELF = YES;
				CLANG_WARN_OBJC_LITERAL_CONVERSION = YES;
				CLANG_WARN_OBJC_ROOT_CLASS = YES_ERROR;
				CLANG_WARN_QUOTED_INCLUDE_IN_FRAMEWORK_HEADER = YES;
				CLANG_WARN_RANGE_LOOP_ANALYSIS = YES;
				CLANG_WARN_STRICT_PROTOTYPES = YES;
				CLANG_WARN_SUSPICIOUS_MOVE = YES;
				CLANG_WARN_UNGUARDED_AVAILABILITY = YES_AGGRESSIVE;
				CLANG_WARN_UNREACHABLE_CODE = YES;
				CLANG_WARN__DUPLICATE_METHOD_MATCH = YES;
				COPY_PHASE_STRIP = NO;
				DEBUG_INFORMATION_FORMAT = dwarf;
				ENABLE_STRICT_OBJC_MSGSEND = YES;
				ENABLE_TESTABILITY = YES;
				ENABLE_USER_SCRIPT_SANDBOXING = YES;
				GCC_C_LANGUAGE_STANDARD = gnu17;
				GCC_DYNAMIC_NO_PIC = NO;
				GCC_NO_COMMON_BLOCKS = YES;
				GCC_OPTIMIZATION_LEVEL = 0;
				GCC_PREPROCESSOR_DEFINITIONS = (
					"DEBUG=1",
					"$(inherited)",
				);
				GCC_WARN_64_TO_32_BIT_CONVERSION = YES;
				GCC_WARN_ABOUT_RETURN_TYPE = YES_ERROR;
				GCC_WARN_UNDECLARED_SELECTOR = YES;
				GCC_WARN_UNINITIALIZED_AUTOS = YES_AGGRESSIVE;
				GCC_WARN_UNUSED_FUNCTION = YES;
				GCC_WARN_UNUSED_VARIABLE = YES;
				LOCALIZATION_PREFERS_STRING_CATALOGS = YES;
				MTL_ENABLE_DEBUG_INFO = INCLUDE_SOURCE;
				MTL_FAST_MATH = YES;
				ONLY_ACTIVE_ARCH = YES;
				SWIFT_ACTIVE_COMPILATION_CONDITIONS = "DEBUG $(inherited)";
				SWIFT_OPTIMIZATION_LEVEL = "-Onone";
			};
			name = Debug;
		};
		7A68B5BF2CDE902F008DB83B /* Release */ = {
			isa = XCBuildConfiguration;
			buildSettings = {
				ALWAYS_SEARCH_USER_PATHS = NO;
				ASSETCATALOG_COMPILER_GENERATE_SWIFT_ASSET_SYMBOL_EXTENSIONS = YES;
				CLANG_ANALYZER_NONNULL = YES;
				CLANG_ANALYZER_NUMBER_OBJECT_CONVERSION = YES_AGGRESSIVE;
				CLANG_CXX_LANGUAGE_STANDARD = "gnu++20";
				CLANG_ENABLE_MODULES = YES;
				CLANG_ENABLE_OBJC_ARC = YES;
				CLANG_ENABLE_OBJC_WEAK = YES;
				CLANG_WARN_BLOCK_CAPTURE_AUTORELEASING = YES;
				CLANG_WARN_BOOL_CONVERSION = YES;
				CLANG_WARN_COMMA = YES;
				CLANG_WARN_CONSTANT_CONVERSION = YES;
				CLANG_WARN_DEPRECATED_OBJC_IMPLEMENTATIONS = YES;
				CLANG_WARN_DIRECT_OBJC_ISA_USAGE = YES_ERROR;
				CLANG_WARN_DOCUMENTATION_COMMENTS = YES;
				CLANG_WARN_EMPTY_BODY = YES;
				CLANG_WARN_ENUM_CONVERSION = YES;
				CLANG_WARN_INFINITE_RECURSION = YES;
				CLANG_WARN_INT_CONVERSION = YES;
				CLANG_WARN_NON_LITERAL_NULL_CONVERSION = YES;
				CLANG_WARN_OBJC_IMPLICIT_RETAIN_SELF = YES;
				CLANG_WARN_OBJC_LITERAL_CONVERSION = YES;
				CLANG_WARN_OBJC_ROOT_CLASS = YES_ERROR;
				CLANG_WARN_QUOTED_INCLUDE_IN_FRAMEWORK_HEADER = YES;
				CLANG_WARN_RANGE_LOOP_ANALYSIS = YES;
				CLANG_WARN_STRICT_PROTOTYPES = YES;
				CLANG_WARN_SUSPICIOUS_MOVE = YES;
				CLANG_WARN_UNGUARDED_AVAILABILITY = YES_AGGRESSIVE;
				CLANG_WARN_UNREACHABLE_CODE = YES;
				CLANG_WARN__DUPLICATE_METHOD_MATCH = YES;
				COPY_PHASE_STRIP = NO;
				DEBUG_INFORMATION_FORMAT = "dwarf-with-dsym";
				ENABLE_NS_ASSERTIONS = NO;
				ENABLE_STRICT_OBJC_MSGSEND = YES;
				ENABLE_USER_SCRIPT_SANDBOXING = YES;
				GCC_C_LANGUAGE_STANDARD = gnu17;
				GCC_NO_COMMON_BLOCKS = YES;
				GCC_WARN_64_TO_32_BIT_CONVERSION = YES;
				GCC_WARN_ABOUT_RETURN_TYPE = YES_ERROR;
				GCC_WARN_UNDECLARED_SELECTOR = YES;
				GCC_WARN_UNINITIALIZED_AUTOS = YES_AGGRESSIVE;
				GCC_WARN_UNUSED_FUNCTION = YES;
				GCC_WARN_UNUSED_VARIABLE = YES;
				LOCALIZATION_PREFERS_STRING_CATALOGS = YES;
				MTL_ENABLE_DEBUG_INFO = NO;
				MTL_FAST_MATH = YES;
				SWIFT_COMPILATION_MODE = wholemodule;
			};
			name = Release;
		};
		7A68B5C12CDE902F008DB83B /* Debug */ = {
			isa = XCBuildConfiguration;
			buildSettings = {
				ASSETCATALOG_COMPILER_APPICON_NAME = AppIcon;
				ASSETCATALOG_COMPILER_GLOBAL_ACCENT_COLOR_NAME = AccentColor;
				CODE_SIGN_ENTITLEMENTS = Freakopoly/Freakopoly.entitlements;
				CODE_SIGN_STYLE = Automatic;
				CURRENT_PROJECT_VERSION = 1;
				DEVELOPMENT_ASSET_PATHS = "\"Freakopoly/Preview Content\"";
				ENABLE_PREVIEWS = YES;
				GENERATE_INFOPLIST_FILE = YES;
				"INFOPLIST_KEY_UIApplicationSceneManifest_Generation[sdk=iphoneos*]" = YES;
				"INFOPLIST_KEY_UIApplicationSceneManifest_Generation[sdk=iphonesimulator*]" = YES;
				"INFOPLIST_KEY_UIApplicationSupportsIndirectInputEvents[sdk=iphoneos*]" = YES;
				"INFOPLIST_KEY_UIApplicationSupportsIndirectInputEvents[sdk=iphonesimulator*]" = YES;
				"INFOPLIST_KEY_UILaunchScreen_Generation[sdk=iphoneos*]" = YES;
				"INFOPLIST_KEY_UILaunchScreen_Generation[sdk=iphonesimulator*]" = YES;
				"INFOPLIST_KEY_UIStatusBarStyle[sdk=iphoneos*]" = UIStatusBarStyleDefault;
				"INFOPLIST_KEY_UIStatusBarStyle[sdk=iphonesimulator*]" = UIStatusBarStyleDefault;
				INFOPLIST_KEY_UISupportedInterfaceOrientations_iPad = "UIInterfaceOrientationPortrait UIInterfaceOrientationPortraitUpsideDown UIInterfaceOrientationLandscapeLeft UIInterfaceOrientationLandscapeRight";
				INFOPLIST_KEY_UISupportedInterfaceOrientations_iPhone = "UIInterfaceOrientationPortrait UIInterfaceOrientationLandscapeLeft UIInterfaceOrientationLandscapeRight";
				IPHONEOS_DEPLOYMENT_TARGET = 17.6;
				LD_RUNPATH_SEARCH_PATHS = "@executable_path/Frameworks";
				"LD_RUNPATH_SEARCH_PATHS[sdk=macosx*]" = "@executable_path/../Frameworks";
				MACOSX_DEPLOYMENT_TARGET = 14.6;
				MARKETING_VERSION = 1.0;
				PRODUCT_BUNDLE_IDENTIFIER = freakers.Freakopoly;
				PRODUCT_NAME = "$(TARGET_NAME)";
				SDKROOT = auto;
				SUPPORTED_PLATFORMS = "iphoneos iphonesimulator macosx xros xrsimulator";
				SWIFT_EMIT_LOC_STRINGS = YES;
				SWIFT_VERSION = 5.0;
				TARGETED_DEVICE_FAMILY = "1,2,7";
				XROS_DEPLOYMENT_TARGET = 2.1;
			};
			name = Debug;
		};
		7A68B5C22CDE902F008DB83B /* Release */ = {
			isa = XCBuildConfiguration;
			buildSettings = {
				ASSETCATALOG_COMPILER_APPICON_NAME = AppIcon;
				ASSETCATALOG_COMPILER_GLOBAL_ACCENT_COLOR_NAME = AccentColor;
				CODE_SIGN_ENTITLEMENTS = Freakopoly/Freakopoly.entitlements;
				CODE_SIGN_STYLE = Automatic;
				CURRENT_PROJECT_VERSION = 1;
				DEVELOPMENT_ASSET_PATHS = "\"Freakopoly/Preview Content\"";
				ENABLE_PREVIEWS = YES;
				GENERATE_INFOPLIST_FILE = YES;
				"INFOPLIST_KEY_UIApplicationSceneManifest_Generation[sdk=iphoneos*]" = YES;
				"INFOPLIST_KEY_UIApplicationSceneManifest_Generation[sdk=iphonesimulator*]" = YES;
				"INFOPLIST_KEY_UIApplicationSupportsIndirectInputEvents[sdk=iphoneos*]" = YES;
				"INFOPLIST_KEY_UIApplicationSupportsIndirectInputEvents[sdk=iphonesimulator*]" = YES;
				"INFOPLIST_KEY_UILaunchScreen_Generation[sdk=iphoneos*]" = YES;
				"INFOPLIST_KEY_UILaunchScreen_Generation[sdk=iphonesimulator*]" = YES;
				"INFOPLIST_KEY_UIStatusBarStyle[sdk=iphoneos*]" = UIStatusBarStyleDefault;
				"INFOPLIST_KEY_UIStatusBarStyle[sdk=iphonesimulator*]" = UIStatusBarStyleDefault;
				INFOPLIST_KEY_UISupportedInterfaceOrientations_iPad = "UIInterfaceOrientationPortrait UIInterfaceOrientationPortraitUpsideDown UIInterfaceOrientationLandscapeLeft UIInterfaceOrientationLandscapeRight";
				INFOPLIST_KEY_UISupportedInterfaceOrientations_iPhone = "UIInterfaceOrientationPortrait UIInterfaceOrientationLandscapeLeft UIInterfaceOrientationLandscapeRight";
				IPHONEOS_DEPLOYMENT_TARGET = 17.6;
				LD_RUNPATH_SEARCH_PATHS = "@executable_path/Frameworks";
				"LD_RUNPATH_SEARCH_PATHS[sdk=macosx*]" = "@executable_path/../Frameworks";
				MACOSX_DEPLOYMENT_TARGET = 14.6;
				MARKETING_VERSION = 1.0;
				PRODUCT_BUNDLE_IDENTIFIER = freakers.Freakopoly;
				PRODUCT_NAME = "$(TARGET_NAME)";
				SDKROOT = auto;
				SUPPORTED_PLATFORMS = "iphoneos iphonesimulator macosx xros xrsimulator";
				SWIFT_EMIT_LOC_STRINGS = YES;
				SWIFT_VERSION = 5.0;
				TARGETED_DEVICE_FAMILY = "1,2,7";
				XROS_DEPLOYMENT_TARGET = 2.1;
			};
			name = Release;
		};
		7A68B5C42CDE902F008DB83B /* Debug */ = {
			isa = XCBuildConfiguration;
			buildSettings = {
				BUNDLE_LOADER = "$(TEST_HOST)";
				CODE_SIGN_STYLE = Automatic;
				CURRENT_PROJECT_VERSION = 1;
				GENERATE_INFOPLIST_FILE = YES;
				IPHONEOS_DEPLOYMENT_TARGET = 18.1;
				MACOSX_DEPLOYMENT_TARGET = 15.1;
				MARKETING_VERSION = 1.0;
				PRODUCT_BUNDLE_IDENTIFIER = freakers.FreakopolyTests;
				PRODUCT_NAME = "$(TARGET_NAME)";
				SDKROOT = auto;
				SUPPORTED_PLATFORMS = "iphoneos iphonesimulator macosx xros xrsimulator";
				SWIFT_EMIT_LOC_STRINGS = NO;
				SWIFT_VERSION = 5.0;
				TARGETED_DEVICE_FAMILY = "1,2,7";
				TEST_HOST = "$(BUILT_PRODUCTS_DIR)/Freakopoly.app/$(BUNDLE_EXECUTABLE_FOLDER_PATH)/Freakopoly";
				XROS_DEPLOYMENT_TARGET = 2.1;
			};
			name = Debug;
		};
		7A68B5C52CDE902F008DB83B /* Release */ = {
			isa = XCBuildConfiguration;
			buildSettings = {
				BUNDLE_LOADER = "$(TEST_HOST)";
				CODE_SIGN_STYLE = Automatic;
				CURRENT_PROJECT_VERSION = 1;
				GENERATE_INFOPLIST_FILE = YES;
				IPHONEOS_DEPLOYMENT_TARGET = 18.1;
				MACOSX_DEPLOYMENT_TARGET = 15.1;
				MARKETING_VERSION = 1.0;
				PRODUCT_BUNDLE_IDENTIFIER = freakers.FreakopolyTests;
				PRODUCT_NAME = "$(TARGET_NAME)";
				SDKROOT = auto;
				SUPPORTED_PLATFORMS = "iphoneos iphonesimulator macosx xros xrsimulator";
				SWIFT_EMIT_LOC_STRINGS = NO;
				SWIFT_VERSION = 5.0;
				TARGETED_DEVICE_FAMILY = "1,2,7";
				TEST_HOST = "$(BUILT_PRODUCTS_DIR)/Freakopoly.app/$(BUNDLE_EXECUTABLE_FOLDER_PATH)/Freakopoly";
				XROS_DEPLOYMENT_TARGET = 2.1;
			};
			name = Release;
		};
		7A68B5C72CDE902F008DB83B /* Debug */ = {
			isa = XCBuildConfiguration;
			buildSettings = {
				CODE_SIGN_STYLE = Automatic;
				CURRENT_PROJECT_VERSION = 1;
				GENERATE_INFOPLIST_FILE = YES;
				IPHONEOS_DEPLOYMENT_TARGET = 18.1;
				MACOSX_DEPLOYMENT_TARGET = 15.1;
				MARKETING_VERSION = 1.0;
				PRODUCT_BUNDLE_IDENTIFIER = freakers.FreakopolyUITests;
				PRODUCT_NAME = "$(TARGET_NAME)";
				SDKROOT = auto;
				SUPPORTED_PLATFORMS = "iphoneos iphonesimulator macosx xros xrsimulator";
				SWIFT_EMIT_LOC_STRINGS = NO;
				SWIFT_VERSION = 5.0;
				TARGETED_DEVICE_FAMILY = "1,2,7";
				TEST_TARGET_NAME = Freakopoly;
				XROS_DEPLOYMENT_TARGET = 2.1;
			};
			name = Debug;
		};
		7A68B5C82CDE902F008DB83B /* Release */ = {
			isa = XCBuildConfiguration;
			buildSettings = {
				CODE_SIGN_STYLE = Automatic;
				CURRENT_PROJECT_VERSION = 1;
				GENERATE_INFOPLIST_FILE = YES;
				IPHONEOS_DEPLOYMENT_TARGET = 18.1;
				MACOSX_DEPLOYMENT_TARGET = 15.1;
				MARKETING_VERSION = 1.0;
				PRODUCT_BUNDLE_IDENTIFIER = freakers.FreakopolyUITests;
				PRODUCT_NAME = "$(TARGET_NAME)";
				SDKROOT = auto;
				SUPPORTED_PLATFORMS = "iphoneos iphonesimulator macosx xros xrsimulator";
				SWIFT_EMIT_LOC_STRINGS = NO;
				SWIFT_VERSION = 5.0;
				TARGETED_DEVICE_FAMILY = "1,2,7";
				TEST_TARGET_NAME = Freakopoly;
				XROS_DEPLOYMENT_TARGET = 2.1;
			};
			name = Release;
		};
/* End XCBuildConfiguration section */

/* Begin XCConfigurationList section */
		7A68B5962CDE902D008DB83B /* Build configuration list for PBXProject "Freakopoly" */ = {
			isa = XCConfigurationList;
			buildConfigurations = (
				7A68B5BE2CDE902F008DB83B /* Debug */,
				7A68B5BF2CDE902F008DB83B /* Release */,
			);
			defaultConfigurationIsVisible = 0;
			defaultConfigurationName = Release;
		};
		7A68B5C02CDE902F008DB83B /* Build configuration list for PBXNativeTarget "Freakopoly" */ = {
			isa = XCConfigurationList;
			buildConfigurations = (
				7A68B5C12CDE902F008DB83B /* Debug */,
				7A68B5C22CDE902F008DB83B /* Release */,
			);
			defaultConfigurationIsVisible = 0;
			defaultConfigurationName = Release;
		};
		7A68B5C32CDE902F008DB83B /* Build configuration list for PBXNativeTarget "FreakopolyTests" */ = {
			isa = XCConfigurationList;
			buildConfigurations = (
				7A68B5C42CDE902F008DB83B /* Debug */,
				7A68B5C52CDE902F008DB83B /* Release */,
			);
			defaultConfigurationIsVisible = 0;
			defaultConfigurationName = Release;
		};
		7A68B5C62CDE902F008DB83B /* Build configuration list for PBXNativeTarget "FreakopolyUITests" */ = {
			isa = XCConfigurationList;
			buildConfigurations = (
				7A68B5C72CDE902F008DB83B /* Debug */,
				7A68B5C82CDE902F008DB83B /* Release */,
			);
			defaultConfigurationIsVisible = 0;
			defaultConfigurationName = Release;
		};
/* End XCConfigurationList section */

/* Begin XCRemoteSwiftPackageReference section */
		87B591E92CF4FFEC008D345C /* XCRemoteSwiftPackageReference "firebase-ios-sdk" */ = {
			isa = XCRemoteSwiftPackageReference;
			repositoryURL = "https://github.com/firebase/firebase-ios-sdk";
			requirement = {
				kind = upToNextMajorVersion;
				minimumVersion = 11.5.0;
			};
		};
/* End XCRemoteSwiftPackageReference section */

/* Begin XCSwiftPackageProductDependency section */
		87B591EA2CF4FFEC008D345C /* FirebaseAnalytics */ = {
			isa = XCSwiftPackageProductDependency;
			package = 87B591E92CF4FFEC008D345C /* XCRemoteSwiftPackageReference "firebase-ios-sdk" */;
			productName = FirebaseAnalytics;
		};
		87B591EC2CF4FFEC008D345C /* FirebaseAppCheck */ = {
			isa = XCSwiftPackageProductDependency;
			package = 87B591E92CF4FFEC008D345C /* XCRemoteSwiftPackageReference "firebase-ios-sdk" */;
			productName = FirebaseAppCheck;
		};
		87B591EE2CF4FFEC008D345C /* FirebaseAuth */ = {
			isa = XCSwiftPackageProductDependency;
			package = 87B591E92CF4FFEC008D345C /* XCRemoteSwiftPackageReference "firebase-ios-sdk" */;
			productName = FirebaseAuth;
		};
		87B591F02CF4FFEC008D345C /* FirebaseCore */ = {
			isa = XCSwiftPackageProductDependency;
			package = 87B591E92CF4FFEC008D345C /* XCRemoteSwiftPackageReference "firebase-ios-sdk" */;
			productName = FirebaseCore;
		};
		87B591F22CF4FFEC008D345C /* FirebaseFirestore */ = {
			isa = XCSwiftPackageProductDependency;
			package = 87B591E92CF4FFEC008D345C /* XCRemoteSwiftPackageReference "firebase-ios-sdk" */;
			productName = FirebaseFirestore;
		};
/* End XCSwiftPackageProductDependency section */
	};
	rootObject = 7A68B5932CDE902D008DB83B /* Project object */;
}
